
Microsoft Visual Studio Solution File, Format Version 12.00
# Visual Studio Version 17
VisualStudioVersion = 17.6.33927.249
MinimumVisualStudioVersion = 10.0.40219.1
Project("{FAE04EC0-301F-11D3-BF4B-00C04F79EFBC}") = "Dal", "Dal\Dal.csproj", "{397A631E-6F2C-45CA-B18B-458AC0049E41}"
EndProject
Project("{FAE04EC0-301F-11D3-BF4B-00C04F79EFBC}") = "Dal.Test", "Dal.Test\Dal.Test.csproj", "{32698C19-21FE-415A-B345-CE671E2762C6}"
EndProject
Global
	GlobalSection(SolutionConfigurationPlatforms) = preSolution
		Debug|Any CPU = Debug|Any CPU
		Release|Any CPU = Release|Any CPU
	EndGlobalSection
	GlobalSection(ProjectConfigurationPlatforms) = postSolution
		{397A631E-6F2C-45CA-B18B-458AC0049E41}.Debug|Any CPU.ActiveCfg = Debug|Any CPU
		{397A631E-6F2C-45CA-B18B-458AC0049E41}.Debug|Any CPU.Build.0 = Debug|Any CPU
		{397A631E-6F2C-45CA-B18B-458AC0049E41}.Release|Any CPU.ActiveCfg = Release|Any CPU
		{397A631E-6F2C-45CA-B18B-458AC0049E41}.Release|Any CPU.Build.0 = Release|Any CPU
		{32698C19-21FE-415A-B345-CE671E2762C6}.Debug|Any CPU.ActiveCfg = Debug|Any CPU
		{32698C19-21FE-415A-B345-CE671E2762C6}.Debug|Any CPU.Build.0 = Debug|Any CPU
		{32698C19-21FE-415A-B345-CE671E2762C6}.Release|Any CPU.ActiveCfg = Release|Any CPU
		{32698C19-21FE-415A-B345-CE671E2762C6}.Release|Any CPU.Build.0 = Release|Any CPU
	EndGlobalSection
	GlobalSection(SolutionProperties) = preSolution
		HideSolutionNode = FALSE
	EndGlobalSection
	GlobalSection(ExtensibilityGlobals) = postSolution
		SolutionGuid = {BC108C46-5383-490A-ADD7-FF30060A5D52}
	EndGlobalSection
EndGlobal
